// !$*UTF8*$!
{
	archiveVersion = 1;
	classes = {
	};
	objectVersion = 56;
	objects = {

/* Begin PBXBuildFile section */
		63CDF4142AC1180E00166CD8 /* X32_Master_VolumeApp.swift in Sources */ = {isa = PBXBuildFile; fileRef = 63CDF4132AC1180E00166CD8 /* X32_Master_VolumeApp.swift */; };
		63CDF4162AC1180E00166CD8 /* ContentView.swift in Sources */ = {isa = PBXBuildFile; fileRef = 63CDF4152AC1180E00166CD8 /* ContentView.swift */; };
		63CDF4182AC1180E00166CD8 /* Assets.xcassets in Resources */ = {isa = PBXBuildFile; fileRef = 63CDF4172AC1180E00166CD8 /* Assets.xcassets */; };
		63CDF41B2AC1180E00166CD8 /* Preview Assets.xcassets in Resources */ = {isa = PBXBuildFile; fileRef = 63CDF41A2AC1180E00166CD8 /* Preview Assets.xcassets */; };
		63CDF4242AC11A0300166CD8 /* Gong in Frameworks */ = {isa = PBXBuildFile; productRef = 63CDF4232AC11A0300166CD8 /* Gong */; };
		63CDF4272AC11AA200166CD8 /* Sliders in Frameworks */ = {isa = PBXBuildFile; productRef = 63CDF4262AC11AA200166CD8 /* Sliders */; };
		63CDF4292AC11F1E00166CD8 /* MainViewModel.swift in Sources */ = {isa = PBXBuildFile; fileRef = 63CDF4282AC11F1E00166CD8 /* MainViewModel.swift */; };
		63CDF42B2AC2454900166CD8 /* AppDelegate.swift in Sources */ = {isa = PBXBuildFile; fileRef = 63CDF42A2AC2454900166CD8 /* AppDelegate.swift */; };
		63CDF42D2AC2551D00166CD8 /* EventMonitor.swift in Sources */ = {isa = PBXBuildFile; fileRef = 63CDF42C2AC2551D00166CD8 /* EventMonitor.swift */; };
/* End PBXBuildFile section */

/* Begin PBXFileReference section */
		63CDF4102AC1180E00166CD8 /* X32 Master Volume.app */ = {isa = PBXFileReference; explicitFileType = wrapper.application; includeInIndex = 0; path = "X32 Master Volume.app"; sourceTree = BUILT_PRODUCTS_DIR; };
		63CDF4132AC1180E00166CD8 /* X32_Master_VolumeApp.swift */ = {isa = PBXFileReference; lastKnownFileType = sourcecode.swift; path = X32_Master_VolumeApp.swift; sourceTree = "<group>"; };
		63CDF4152AC1180E00166CD8 /* ContentView.swift */ = {isa = PBXFileReference; lastKnownFileType = sourcecode.swift; path = ContentView.swift; sourceTree = "<group>"; };
		63CDF4172AC1180E00166CD8 /* Assets.xcassets */ = {isa = PBXFileReference; lastKnownFileType = folder.assetcatalog; path = Assets.xcassets; sourceTree = "<group>"; };
		63CDF41A2AC1180E00166CD8 /* Preview Assets.xcassets */ = {isa = PBXFileReference; lastKnownFileType = folder.assetcatalog; path = "Preview Assets.xcassets"; sourceTree = "<group>"; };
		63CDF41C2AC1180F00166CD8 /* X32_Master_Volume.entitlements */ = {isa = PBXFileReference; lastKnownFileType = text.plist.entitlements; path = X32_Master_Volume.entitlements; sourceTree = "<group>"; };
		63CDF4282AC11F1E00166CD8 /* MainViewModel.swift */ = {isa = PBXFileReference; lastKnownFileType = sourcecode.swift; path = MainViewModel.swift; sourceTree = "<group>"; };
		63CDF42A2AC2454900166CD8 /* AppDelegate.swift */ = {isa = PBXFileReference; lastKnownFileType = sourcecode.swift; path = AppDelegate.swift; sourceTree = "<group>"; };
		63CDF42C2AC2551D00166CD8 /* EventMonitor.swift */ = {isa = PBXFileReference; fileEncoding = 4; lastKnownFileType = sourcecode.swift; path = EventMonitor.swift; sourceTree = "<group>"; };
/* End PBXFileReference section */

/* Begin PBXFrameworksBuildPhase section */
		63CDF40D2AC1180E00166CD8 /* Frameworks */ = {
			isa = PBXFrameworksBuildPhase;
			buildActionMask = 2147483647;
			files = (
				63CDF4242AC11A0300166CD8 /* Gong in Frameworks */,
				63CDF4272AC11AA200166CD8 /* Sliders in Frameworks */,
			);
			runOnlyForDeploymentPostprocessing = 0;
		};
/* End PBXFrameworksBuildPhase section */

/* Begin PBXGroup section */
		63CDF4072AC1180E00166CD8 = {
			isa = PBXGroup;
			children = (
				63CDF4122AC1180E00166CD8 /* X32 Master Volume */,
				63CDF4112AC1180E00166CD8 /* Products */,
			);
			sourceTree = "<group>";
		};
		63CDF4112AC1180E00166CD8 /* Products */ = {
			isa = PBXGroup;
			children = (
				63CDF4102AC1180E00166CD8 /* X32 Master Volume.app */,
			);
			name = Products;
			sourceTree = "<group>";
		};
		63CDF4122AC1180E00166CD8 /* X32 Master Volume */ = {
			isa = PBXGroup;
			children = (
				63CDF4132AC1180E00166CD8 /* X32_Master_VolumeApp.swift */,
				63CDF4152AC1180E00166CD8 /* ContentView.swift */,
				63CDF42A2AC2454900166CD8 /* AppDelegate.swift */,
				63CDF42C2AC2551D00166CD8 /* EventMonitor.swift */,
				63CDF4282AC11F1E00166CD8 /* MainViewModel.swift */,
				63CDF4172AC1180E00166CD8 /* Assets.xcassets */,
				63CDF41C2AC1180F00166CD8 /* X32_Master_Volume.entitlements */,
				63CDF4192AC1180E00166CD8 /* Preview Content */,
			);
			path = "X32 Master Volume";
			sourceTree = "<group>";
		};
		63CDF4192AC1180E00166CD8 /* Preview Content */ = {
			isa = PBXGroup;
			children = (
				63CDF41A2AC1180E00166CD8 /* Preview Assets.xcassets */,
			);
			path = "Preview Content";
			sourceTree = "<group>";
		};
/* End PBXGroup section */

/* Begin PBXNativeTarget section */
		63CDF40F2AC1180E00166CD8 /* X32 Master Volume */ = {
			isa = PBXNativeTarget;
			buildConfigurationList = 63CDF41F2AC1180F00166CD8 /* Build configuration list for PBXNativeTarget "X32 Master Volume" */;
			buildPhases = (
				63CDF40C2AC1180E00166CD8 /* Sources */,
				63CDF40D2AC1180E00166CD8 /* Frameworks */,
				63CDF40E2AC1180E00166CD8 /* Resources */,
			);
			buildRules = (
			);
			dependencies = (
			);
			name = "X32 Master Volume";
			packageProductDependencies = (
				63CDF4232AC11A0300166CD8 /* Gong */,
				63CDF4262AC11AA200166CD8 /* Sliders */,
			);
			productName = "X32 Master Volume";
			productReference = 63CDF4102AC1180E00166CD8 /* X32 Master Volume.app */;
			productType = "com.apple.product-type.application";
		};
/* End PBXNativeTarget section */

/* Begin PBXProject section */
		63CDF4082AC1180E00166CD8 /* Project object */ = {
			isa = PBXProject;
			attributes = {
				BuildIndependentTargetsInParallel = 1;
				LastSwiftUpdateCheck = 1500;
				LastUpgradeCheck = 1500;
				TargetAttributes = {
					63CDF40F2AC1180E00166CD8 = {
						CreatedOnToolsVersion = 15.0;
					};
				};
			};
			buildConfigurationList = 63CDF40B2AC1180E00166CD8 /* Build configuration list for PBXProject "X32 Master Volume" */;
			compatibilityVersion = "Xcode 14.0";
			developmentRegion = en;
			hasScannedForEncodings = 0;
			knownRegions = (
				en,
				Base,
			);
			mainGroup = 63CDF4072AC1180E00166CD8;
			packageReferences = (
				63CDF4222AC11A0300166CD8 /* XCRemoteSwiftPackageReference "Gong" */,
				63CDF4252AC11AA200166CD8 /* XCRemoteSwiftPackageReference "swiftui-sliders" */,
			);
			productRefGroup = 63CDF4112AC1180E00166CD8 /* Products */;
			projectDirPath = "";
			projectRoot = "";
			targets = (
				63CDF40F2AC1180E00166CD8 /* X32 Master Volume */,
			);
		};
/* End PBXProject section */

/* Begin PBXResourcesBuildPhase section */
		63CDF40E2AC1180E00166CD8 /* Resources */ = {
			isa = PBXResourcesBuildPhase;
			buildActionMask = 2147483647;
			files = (
				63CDF41B2AC1180E00166CD8 /* Preview Assets.xcassets in Resources */,
				63CDF4182AC1180E00166CD8 /* Assets.xcassets in Resources */,
			);
			runOnlyForDeploymentPostprocessing = 0;
		};
/* End PBXResourcesBuildPhase section */

/* Begin PBXSourcesBuildPhase section */
		63CDF40C2AC1180E00166CD8 /* Sources */ = {
			isa = PBXSourcesBuildPhase;
			buildActionMask = 2147483647;
			files = (
				63CDF42B2AC2454900166CD8 /* AppDelegate.swift in Sources */,
				63CDF42D2AC2551D00166CD8 /* EventMonitor.swift in Sources */,
				63CDF4162AC1180E00166CD8 /* ContentView.swift in Sources */,
				63CDF4142AC1180E00166CD8 /* X32_Master_VolumeApp.swift in Sources */,
				63CDF4292AC11F1E00166CD8 /* MainViewModel.swift in Sources */,
			);
			runOnlyForDeploymentPostprocessing = 0;
		};
/* End PBXSourcesBuildPhase section */

/* Begin XCBuildConfiguration section */
		63CDF41D2AC1180F00166CD8 /* Debug */ = {
			isa = XCBuildConfiguration;
			buildSettings = {
				ALWAYS_SEARCH_USER_PATHS = NO;
				ASSETCATALOG_COMPILER_GENERATE_SWIFT_ASSET_SYMBOL_EXTENSIONS = YES;
				CLANG_ANALYZER_NONNULL = YES;
				CLANG_ANALYZER_NUMBER_OBJECT_CONVERSION = YES_AGGRESSIVE;
				CLANG_CXX_LANGUAGE_STANDARD = "gnu++20";
				CLANG_ENABLE_MODULES = YES;
				CLANG_ENABLE_OBJC_ARC = YES;
				CLANG_ENABLE_OBJC_WEAK = YES;
				CLANG_WARN_BLOCK_CAPTURE_AUTORELEASING = YES;
				CLANG_WARN_BOOL_CONVERSION = YES;
				CLANG_WARN_COMMA = YES;
				CLANG_WARN_CONSTANT_CONVERSION = YES;
				CLANG_WARN_DEPRECATED_OBJC_IMPLEMENTATIONS = YES;
				CLANG_WARN_DIRECT_OBJC_ISA_USAGE = YES_ERROR;
				CLANG_WARN_DOCUMENTATION_COMMENTS = YES;
				CLANG_WARN_EMPTY_BODY = YES;
				CLANG_WARN_ENUM_CONVERSION = YES;
				CLANG_WARN_INFINITE_RECURSION = YES;
				CLANG_WARN_INT_CONVERSION = YES;
				CLANG_WARN_NON_LITERAL_NULL_CONVERSION = YES;
				CLANG_WARN_OBJC_IMPLICIT_RETAIN_SELF = YES;
				CLANG_WARN_OBJC_LITERAL_CONVERSION = YES;
				CLANG_WARN_OBJC_ROOT_CLASS = YES_ERROR;
				CLANG_WARN_QUOTED_INCLUDE_IN_FRAMEWORK_HEADER = YES;
				CLANG_WARN_RANGE_LOOP_ANALYSIS = YES;
				CLANG_WARN_STRICT_PROTOTYPES = YES;
				CLANG_WARN_SUSPICIOUS_MOVE = YES;
				CLANG_WARN_UNGUARDED_AVAILABILITY = YES_AGGRESSIVE;
				CLANG_WARN_UNREACHABLE_CODE = YES;
				CLANG_WARN__DUPLICATE_METHOD_MATCH = YES;
				COPY_PHASE_STRIP = NO;
				DEBUG_INFORMATION_FORMAT = dwarf;
				ENABLE_STRICT_OBJC_MSGSEND = YES;
				ENABLE_TESTABILITY = YES;
				ENABLE_USER_SCRIPT_SANDBOXING = YES;
				GCC_C_LANGUAGE_STANDARD = gnu17;
				GCC_DYNAMIC_NO_PIC = NO;
				GCC_NO_COMMON_BLOCKS = YES;
				GCC_OPTIMIZATION_LEVEL = 0;
				GCC_PREPROCESSOR_DEFINITIONS = (
					"DEBUG=1",
					"$(inherited)",
				);
				GCC_WARN_64_TO_32_BIT_CONVERSION = YES;
				GCC_WARN_ABOUT_RETURN_TYPE = YES_ERROR;
				GCC_WARN_UNDECLARED_SELECTOR = YES;
				GCC_WARN_UNINITIALIZED_AUTOS = YES_AGGRESSIVE;
				GCC_WARN_UNUSED_FUNCTION = YES;
				GCC_WARN_UNUSED_VARIABLE = YES;
				LOCALIZATION_PREFERS_STRING_CATALOGS = YES;
				MACOSX_DEPLOYMENT_TARGET = 13.5;
				MTL_ENABLE_DEBUG_INFO = INCLUDE_SOURCE;
				MTL_FAST_MATH = YES;
				ONLY_ACTIVE_ARCH = YES;
				SDKROOT = macosx;
				SWIFT_ACTIVE_COMPILATION_CONDITIONS = "DEBUG $(inherited)";
				SWIFT_OPTIMIZATION_LEVEL = "-Onone";
			};
			name = Debug;
		};
		63CDF41E2AC1180F00166CD8 /* Release */ = {
			isa = XCBuildConfiguration;
			buildSettings = {
				ALWAYS_SEARCH_USER_PATHS = NO;
				ASSETCATALOG_COMPILER_GENERATE_SWIFT_ASSET_SYMBOL_EXTENSIONS = YES;
				CLANG_ANALYZER_NONNULL = YES;
				CLANG_ANALYZER_NUMBER_OBJECT_CONVERSION = YES_AGGRESSIVE;
				CLANG_CXX_LANGUAGE_STANDARD = "gnu++20";
				CLANG_ENABLE_MODULES = YES;
				CLANG_ENABLE_OBJC_ARC = YES;
				CLANG_ENABLE_OBJC_WEAK = YES;
				CLANG_WARN_BLOCK_CAPTURE_AUTORELEASING = YES;
				CLANG_WARN_BOOL_CONVERSION = YES;
				CLANG_WARN_COMMA = YES;
				CLANG_WARN_CONSTANT_CONVERSION = YES;
				CLANG_WARN_DEPRECATED_OBJC_IMPLEMENTATIONS = YES;
				CLANG_WARN_DIRECT_OBJC_ISA_USAGE = YES_ERROR;
				CLANG_WARN_DOCUMENTATION_COMMENTS = YES;
				CLANG_WARN_EMPTY_BODY = YES;
				CLANG_WARN_ENUM_CONVERSION = YES;
				CLANG_WARN_INFINITE_RECURSION = YES;
				CLANG_WARN_INT_CONVERSION = YES;
				CLANG_WARN_NON_LITERAL_NULL_CONVERSION = YES;
				CLANG_WARN_OBJC_IMPLICIT_RETAIN_SELF = YES;
				CLANG_WARN_OBJC_LITERAL_CONVERSION = YES;
				CLANG_WARN_OBJC_ROOT_CLASS = YES_ERROR;
				CLANG_WARN_QUOTED_INCLUDE_IN_FRAMEWORK_HEADER = YES;
				CLANG_WARN_RANGE_LOOP_ANALYSIS = YES;
				CLANG_WARN_STRICT_PROTOTYPES = YES;
				CLANG_WARN_SUSPICIOUS_MOVE = YES;
				CLANG_WARN_UNGUARDED_AVAILABILITY = YES_AGGRESSIVE;
				CLANG_WARN_UNREACHABLE_CODE = YES;
				CLANG_WARN__DUPLICATE_METHOD_MATCH = YES;
				COPY_PHASE_STRIP = NO;
				DEBUG_INFORMATION_FORMAT = "dwarf-with-dsym";
				ENABLE_NS_ASSERTIONS = NO;
				ENABLE_STRICT_OBJC_MSGSEND = YES;
				ENABLE_USER_SCRIPT_SANDBOXING = YES;
				GCC_C_LANGUAGE_STANDARD = gnu17;
				GCC_NO_COMMON_BLOCKS = YES;
				GCC_WARN_64_TO_32_BIT_CONVERSION = YES;
				GCC_WARN_ABOUT_RETURN_TYPE = YES_ERROR;
				GCC_WARN_UNDECLARED_SELECTOR = YES;
				GCC_WARN_UNINITIALIZED_AUTOS = YES_AGGRESSIVE;
				GCC_WARN_UNUSED_FUNCTION = YES;
				GCC_WARN_UNUSED_VARIABLE = YES;
				LOCALIZATION_PREFERS_STRING_CATALOGS = YES;
				MACOSX_DEPLOYMENT_TARGET = 13.5;
				MTL_ENABLE_DEBUG_INFO = NO;
				MTL_FAST_MATH = YES;
				SDKROOT = macosx;
				SWIFT_COMPILATION_MODE = wholemodule;
			};
			name = Release;
		};
		63CDF4202AC1180F00166CD8 /* Debug */ = {
			isa = XCBuildConfiguration;
			buildSettings = {
				ASSETCATALOG_COMPILER_APPICON_NAME = AppIcon;
				ASSETCATALOG_COMPILER_GLOBAL_ACCENT_COLOR_NAME = AccentColor;
				CODE_SIGN_ENTITLEMENTS = "X32 Master Volume/X32_Master_Volume.entitlements";
				CODE_SIGN_STYLE = Automatic;
				COMBINE_HIDPI_IMAGES = YES;
				CURRENT_PROJECT_VERSION = 1;
				DEVELOPMENT_ASSET_PATHS = "\"X32 Master Volume/Preview Content\"";
				DEVELOPMENT_TEAM = B54Q48H848;
				ENABLE_HARDENED_RUNTIME = YES;
				ENABLE_PREVIEWS = YES;
				GENERATE_INFOPLIST_FILE = YES;
				INFOPLIST_KEY_LSUIElement = YES;
				INFOPLIST_KEY_NSHumanReadableCopyright = "";
				LD_RUNPATH_SEARCH_PATHS = (
					"$(inherited)",
					"@executable_path/../Frameworks",
				);
				MARKETING_VERSION = 1.0;
				PRODUCT_BUNDLE_IDENTIFIER = "me.adamware.X32-Master-Volume";
				PRODUCT_NAME = "$(TARGET_NAME)";
				SWIFT_EMIT_LOC_STRINGS = YES;
				SWIFT_VERSION = 5.0;
			};
			name = Debug;
		};
		63CDF4212AC1180F00166CD8 /* Release */ = {
			isa = XCBuildConfiguration;
			buildSettings = {
				ASSETCATALOG_COMPILER_APPICON_NAME = AppIcon;
				ASSETCATALOG_COMPILER_GLOBAL_ACCENT_COLOR_NAME = AccentColor;
				CODE_SIGN_ENTITLEMENTS = "X32 Master Volume/X32_Master_Volume.entitlements";
				CODE_SIGN_STYLE = Automatic;
				COMBINE_HIDPI_IMAGES = YES;
				CURRENT_PROJECT_VERSION = 1;
				DEVELOPMENT_ASSET_PATHS = "\"X32 Master Volume/Preview Content\"";
				DEVELOPMENT_TEAM = B54Q48H848;
				ENABLE_HARDENED_RUNTIME = YES;
				ENABLE_PREVIEWS = YES;
				GENERATE_INFOPLIST_FILE = YES;
				INFOPLIST_KEY_LSUIElement = YES;
				INFOPLIST_KEY_NSHumanReadableCopyright = "";
				LD_RUNPATH_SEARCH_PATHS = (
					"$(inherited)",
					"@executable_path/../Frameworks",
				);
				MARKETING_VERSION = 1.0;
				PRODUCT_BUNDLE_IDENTIFIER = "me.adamware.X32-Master-Volume";
				PRODUCT_NAME = "$(TARGET_NAME)";
				SWIFT_EMIT_LOC_STRINGS = YES;
				SWIFT_VERSION = 5.0;
			};
			name = Release;
		};
/* End XCBuildConfiguration section */

/* Begin XCConfigurationList section */
		63CDF40B2AC1180E00166CD8 /* Build configuration list for PBXProject "X32 Master Volume" */ = {
			isa = XCConfigurationList;
			buildConfigurations = (
				63CDF41D2AC1180F00166CD8 /* Debug */,
				63CDF41E2AC1180F00166CD8 /* Release */,
			);
			defaultConfigurationIsVisible = 0;
			defaultConfigurationName = Release;
		};
		63CDF41F2AC1180F00166CD8 /* Build configuration list for PBXNativeTarget "X32 Master Volume" */ = {
			isa = XCConfigurationList;
			buildConfigurations = (
				63CDF4202AC1180F00166CD8 /* Debug */,
				63CDF4212AC1180F00166CD8 /* Release */,
			);
			defaultConfigurationIsVisible = 0;
			defaultConfigurationName = Release;
		};
/* End XCConfigurationList section */

/* Begin XCRemoteSwiftPackageReference section */
		63CDF4222AC11A0300166CD8 /* XCRemoteSwiftPackageReference "Gong" */ = {
			isa = XCRemoteSwiftPackageReference;
			repositoryURL = "https://github.com/dclelland/Gong.git";
			requirement = {
				kind = upToNextMajorVersion;
				minimumVersion = 1.3.0;
			};
		};
		63CDF4252AC11AA200166CD8 /* XCRemoteSwiftPackageReference "swiftui-sliders" */ = {
			isa = XCRemoteSwiftPackageReference;
			repositoryURL = "https://github.com/spacenation/swiftui-sliders.git";
			requirement = {
				kind = upToNextMajorVersion;
				minimumVersion = 2.1.0;
			};
		};
/* End XCRemoteSwiftPackageReference section */

/* Begin XCSwiftPackageProductDependency section */
		63CDF4232AC11A0300166CD8 /* Gong */ = {
			isa = XCSwiftPackageProductDependency;
			package = 63CDF4222AC11A0300166CD8 /* XCRemoteSwiftPackageReference "Gong" */;
			productName = Gong;
		};
		63CDF4262AC11AA200166CD8 /* Sliders */ = {
			isa = XCSwiftPackageProductDependency;
			package = 63CDF4252AC11AA200166CD8 /* XCRemoteSwiftPackageReference "swiftui-sliders" */;
			productName = Sliders;
		};
/* End XCSwiftPackageProductDependency section */
	};
	rootObject = 63CDF4082AC1180E00166CD8 /* Project object */;
}
